
Microsoft Visual Studio Solution File, Format Version 12.00
# Visual Studio 15
VisualStudioVersion = 15.0.28307.329
MinimumVisualStudioVersion = 10.0.40219.1
Project("{FAE04EC0-301F-11D3-BF4B-00C04F79EFBC}") = "MVC parcial", "MVC parcial\MVC parcial.csproj", "{09C41046-A2A8-4379-8C2F-A393C299439F}"
EndProject
Project("{FAE04EC0-301F-11D3-BF4B-00C04F79EFBC}") = "API Parcial", "API Parcial\API Parcial.csproj", "{8CAE0557-CDC5-4468-AA69-5ECF08EAF0B7}"
EndProject
Global
	GlobalSection(SolutionConfigurationPlatforms) = preSolution
		Debug|Any CPU = Debug|Any CPU
		Release|Any CPU = Release|Any CPU
	EndGlobalSection
	GlobalSection(ProjectConfigurationPlatforms) = postSolution
		{09C41046-A2A8-4379-8C2F-A393C299439F}.Debug|Any CPU.ActiveCfg = Debug|Any CPU
		{09C41046-A2A8-4379-8C2F-A393C299439F}.Debug|Any CPU.Build.0 = Debug|Any CPU
		{09C41046-A2A8-4379-8C2F-A393C299439F}.Release|Any CPU.ActiveCfg = Release|Any CPU
		{09C41046-A2A8-4379-8C2F-A393C299439F}.Release|Any CPU.Build.0 = Release|Any CPU
		{8CAE0557-CDC5-4468-AA69-5ECF08EAF0B7}.Debug|Any CPU.ActiveCfg = Debug|Any CPU
		{8CAE0557-CDC5-4468-AA69-5ECF08EAF0B7}.Debug|Any CPU.Build.0 = Debug|Any CPU
		{8CAE0557-CDC5-4468-AA69-5ECF08EAF0B7}.Release|Any CPU.ActiveCfg = Release|Any CPU
		{8CAE0557-CDC5-4468-AA69-5ECF08EAF0B7}.Release|Any CPU.Build.0 = Release|Any CPU
	EndGlobalSection
	GlobalSection(SolutionProperties) = preSolution
		HideSolutionNode = FALSE
	EndGlobalSection
	GlobalSection(ExtensibilityGlobals) = postSolution
		SolutionGuid = {420A5039-C125-4E76-8BE1-B9ECA1A6F6F4}
	EndGlobalSection
EndGlobal
